
Microsoft Visual Studio Solution File, Format Version 12.00
# Visual Studio 15
Project("{FAE04EC0-301F-11D3-BF4B-00C04F79EFBC}") = "Library", "Library\Library.csproj", "{865B9830-CB79-4682-93E4-13BD33AA15DE}"
EndProject
Project("{FAE04EC0-301F-11D3-BF4B-00C04F79EFBC}") = "Test", "Test\Test.csproj", "{7BB2E312-D4F1-445E-801F-E0E0F2FFAD9B}"
EndProject
Project("{2150E333-8FDC-42A3-9474-1A3956D46DE8}") = "Solution Items", "Solution Items", "{6F47ACF2-BBDA-416F-8004-0E54F3EC8815}"
	ProjectSection(SolutionItems) = preProject
		LICENSE = LICENSE
		README.md = README.md
	EndProjectSection
EndProject
Global
	GlobalSection(SolutionConfigurationPlatforms) = preSolution
		Debug|Any CPU = Debug|Any CPU
		Release|Any CPU = Release|Any CPU
	EndGlobalSection
	GlobalSection(ProjectConfigurationPlatforms) = postSolution
		{865B9830-CB79-4682-93E4-13BD33AA15DE}.Debug|Any CPU.ActiveCfg = Debug|Any CPU
		{865B9830-CB79-4682-93E4-13BD33AA15DE}.Debug|Any CPU.Build.0 = Debug|Any CPU
		{865B9830-CB79-4682-93E4-13BD33AA15DE}.Release|Any CPU.ActiveCfg = Release|Any CPU
		{865B9830-CB79-4682-93E4-13BD33AA15DE}.Release|Any CPU.Build.0 = Release|Any CPU
		{7BB2E312-D4F1-445E-801F-E0E0F2FFAD9B}.Debug|Any CPU.ActiveCfg = Debug|Any CPU
		{7BB2E312-D4F1-445E-801F-E0E0F2FFAD9B}.Debug|Any CPU.Build.0 = Debug|Any CPU
		{7BB2E312-D4F1-445E-801F-E0E0F2FFAD9B}.Release|Any CPU.ActiveCfg = Release|Any CPU
		{7BB2E312-D4F1-445E-801F-E0E0F2FFAD9B}.Release|Any CPU.Build.0 = Release|Any CPU
	EndGlobalSection
EndGlobal
